
Microsoft Visual Studio Solution File, Format Version 12.00
# Visual Studio Version 16
VisualStudioVersion = 16.0.29215.179
MinimumVisualStudioVersion = 10.0.40219.1
Project("{FAE04EC0-301F-11D3-BF4B-00C04F79EFBC}") = "PCKTool", "PCKTool\PCKTool.csproj", "{146A533A-23B5-4EA9-AFE9-860FFE2E9891}"
EndProject
Project("{FAE04EC0-301F-11D3-BF4B-00C04F79EFBC}") = "TEXTool", "TEXTool\TEXTool.csproj", "{53F094B0-9C5D-4973-896F-0BFBAF6ACDEB}"
EndProject
Project("{FAE04EC0-301F-11D3-BF4B-00C04F79EFBC}") = "Scarlet", "..\Scarlet\Scarlet\Scarlet.csproj", "{B1CC2B0E-4226-4AC5-9940-900A8847201A}"
EndProject
Project("{2150E333-8FDC-42A3-9474-1A3956D46DE8}") = "Depends", "Depends", "{2757DF71-AEA4-45EB-8C3F-0B5CCED238A9}"
EndProject
Project("{FAE04EC0-301F-11D3-BF4B-00C04F79EFBC}") = "STSCTool", "STSCTool\STSCTool.csproj", "{B13BF845-7A7C-4AA3-B456-8D47C0EB3480}"
EndProject
Project("{FAE04EC0-301F-11D3-BF4B-00C04F79EFBC}") = "FontEditor", "FontEditor\FontEditor.csproj", "{231F66B1-3FDF-4CBE-921C-668BA5C5199A}"
EndProject
Project("{FAE04EC0-301F-11D3-BF4B-00C04F79EFBC}") = "ScriptDatabaseEditor", "ScriptDatabaseEditor\ScriptDatabaseEditor.csproj", "{BB978EB7-5B08-4DA2-AB0A-267486657018}"
EndProject
Project("{FAE04EC0-301F-11D3-BF4B-00C04F79EFBC}") = "DALLib", "DALLib\DALLib.csproj", "{2BED1292-F508-46B9-BACB-366AB23DD04A}"
EndProject
Project("{2150E333-8FDC-42A3-9474-1A3956D46DE8}") = "CMD Tools", "CMD Tools", "{E8CA1F0A-05AE-44E4-85A6-654766A90EE6}"
EndProject
Project("{2150E333-8FDC-42A3-9474-1A3956D46DE8}") = "GUI Tools", "GUI Tools", "{60CC9B7D-286F-4822-9B14-FF21EABE015A}"
EndProject
Project("{FAE04EC0-301F-11D3-BF4B-00C04F79EFBC}") = "ScriptDialogueEditor", "ScriptDialogueEditor\ScriptDialogueEditor.csproj", "{0504C9D8-9B02-4F49-B603-C66F59E92A63}"
EndProject
Project("{FAE04EC0-301F-11D3-BF4B-00C04F79EFBC}") = "TableEditor", "TableEditor\TableEditor.csproj", "{52626F4C-0A8F-4C15-AEDE-46283C090459}"
EndProject
Global
	GlobalSection(SolutionConfigurationPlatforms) = preSolution
		Debug|Any CPU = Debug|Any CPU
		Release|Any CPU = Release|Any CPU
	EndGlobalSection
	GlobalSection(ProjectConfigurationPlatforms) = postSolution
		{146A533A-23B5-4EA9-AFE9-860FFE2E9891}.Debug|Any CPU.ActiveCfg = Debug|Any CPU
		{146A533A-23B5-4EA9-AFE9-860FFE2E9891}.Debug|Any CPU.Build.0 = Debug|Any CPU
		{146A533A-23B5-4EA9-AFE9-860FFE2E9891}.Release|Any CPU.ActiveCfg = Release|Any CPU
		{146A533A-23B5-4EA9-AFE9-860FFE2E9891}.Release|Any CPU.Build.0 = Release|Any CPU
		{53F094B0-9C5D-4973-896F-0BFBAF6ACDEB}.Debug|Any CPU.ActiveCfg = Debug|Any CPU
		{53F094B0-9C5D-4973-896F-0BFBAF6ACDEB}.Debug|Any CPU.Build.0 = Debug|Any CPU
		{53F094B0-9C5D-4973-896F-0BFBAF6ACDEB}.Release|Any CPU.ActiveCfg = Release|Any CPU
		{53F094B0-9C5D-4973-896F-0BFBAF6ACDEB}.Release|Any CPU.Build.0 = Release|Any CPU
		{B1CC2B0E-4226-4AC5-9940-900A8847201A}.Debug|Any CPU.ActiveCfg = Debug|Any CPU
		{B1CC2B0E-4226-4AC5-9940-900A8847201A}.Debug|Any CPU.Build.0 = Debug|Any CPU
		{B1CC2B0E-4226-4AC5-9940-900A8847201A}.Release|Any CPU.ActiveCfg = Release|Any CPU
		{B1CC2B0E-4226-4AC5-9940-900A8847201A}.Release|Any CPU.Build.0 = Release|Any CPU
		{B13BF845-7A7C-4AA3-B456-8D47C0EB3480}.Debug|Any CPU.ActiveCfg = Debug|Any CPU
		{B13BF845-7A7C-4AA3-B456-8D47C0EB3480}.Debug|Any CPU.Build.0 = Debug|Any CPU
		{B13BF845-7A7C-4AA3-B456-8D47C0EB3480}.Release|Any CPU.ActiveCfg = Release|Any CPU
		{B13BF845-7A7C-4AA3-B456-8D47C0EB3480}.Release|Any CPU.Build.0 = Release|Any CPU
		{231F66B1-3FDF-4CBE-921C-668BA5C5199A}.Debug|Any CPU.ActiveCfg = Debug|Any CPU
		{231F66B1-3FDF-4CBE-921C-668BA5C5199A}.Debug|Any CPU.Build.0 = Debug|Any CPU
		{231F66B1-3FDF-4CBE-921C-668BA5C5199A}.Release|Any CPU.ActiveCfg = Release|Any CPU
		{231F66B1-3FDF-4CBE-921C-668BA5C5199A}.Release|Any CPU.Build.0 = Release|Any CPU
		{BB978EB7-5B08-4DA2-AB0A-267486657018}.Debug|Any CPU.ActiveCfg = Debug|Any CPU
		{BB978EB7-5B08-4DA2-AB0A-267486657018}.Debug|Any CPU.Build.0 = Debug|Any CPU
		{BB978EB7-5B08-4DA2-AB0A-267486657018}.Release|Any CPU.ActiveCfg = Release|Any CPU
		{BB978EB7-5B08-4DA2-AB0A-267486657018}.Release|Any CPU.Build.0 = Release|Any CPU
		{2BED1292-F508-46B9-BACB-366AB23DD04A}.Debug|Any CPU.ActiveCfg = Debug|Any CPU
		{2BED1292-F508-46B9-BACB-366AB23DD04A}.Debug|Any CPU.Build.0 = Debug|Any CPU
		{2BED1292-F508-46B9-BACB-366AB23DD04A}.Release|Any CPU.ActiveCfg = Release|Any CPU
		{2BED1292-F508-46B9-BACB-366AB23DD04A}.Release|Any CPU.Build.0 = Release|Any CPU
		{0504C9D8-9B02-4F49-B603-C66F59E92A63}.Debug|Any CPU.ActiveCfg = Debug|Any CPU
		{0504C9D8-9B02-4F49-B603-C66F59E92A63}.Debug|Any CPU.Build.0 = Debug|Any CPU
		{0504C9D8-9B02-4F49-B603-C66F59E92A63}.Release|Any CPU.ActiveCfg = Release|Any CPU
		{0504C9D8-9B02-4F49-B603-C66F59E92A63}.Release|Any CPU.Build.0 = Release|Any CPU
		{52626F4C-0A8F-4C15-AEDE-46283C090459}.Debug|Any CPU.ActiveCfg = Debug|Any CPU
		{52626F4C-0A8F-4C15-AEDE-46283C090459}.Debug|Any CPU.Build.0 = Debug|Any CPU
		{52626F4C-0A8F-4C15-AEDE-46283C090459}.Release|Any CPU.ActiveCfg = Release|Any CPU
		{52626F4C-0A8F-4C15-AEDE-46283C090459}.Release|Any CPU.Build.0 = Release|Any CPU
	EndGlobalSection
	GlobalSection(SolutionProperties) = preSolution
		HideSolutionNode = FALSE
	EndGlobalSection
	GlobalSection(NestedProjects) = preSolution
		{146A533A-23B5-4EA9-AFE9-860FFE2E9891} = {E8CA1F0A-05AE-44E4-85A6-654766A90EE6}
		{53F094B0-9C5D-4973-896F-0BFBAF6ACDEB} = {E8CA1F0A-05AE-44E4-85A6-654766A90EE6}
		{B1CC2B0E-4226-4AC5-9940-900A8847201A} = {2757DF71-AEA4-45EB-8C3F-0B5CCED238A9}
		{B13BF845-7A7C-4AA3-B456-8D47C0EB3480} = {E8CA1F0A-05AE-44E4-85A6-654766A90EE6}
		{231F66B1-3FDF-4CBE-921C-668BA5C5199A} = {60CC9B7D-286F-4822-9B14-FF21EABE015A}
		{BB978EB7-5B08-4DA2-AB0A-267486657018} = {60CC9B7D-286F-4822-9B14-FF21EABE015A}
		{0504C9D8-9B02-4F49-B603-C66F59E92A63} = {60CC9B7D-286F-4822-9B14-FF21EABE015A}
		{52626F4C-0A8F-4C15-AEDE-46283C090459} = {60CC9B7D-286F-4822-9B14-FF21EABE015A}
	EndGlobalSection
	GlobalSection(ExtensibilityGlobals) = postSolution
		SolutionGuid = {F8E17A24-AA71-4443-AA0A-484F3504BE71}
	EndGlobalSection
EndGlobal
